
Microsoft Visual Studio Solution File, Format Version 12.00
# Visual Studio Version 16
VisualStudioVersion = 16.0.30711.63
MinimumVisualStudioVersion = 15.0.26124.0
Project("{9A19103F-16F7-4668-BE54-9A1E7A4F7556}") = "AdventOfCode2020.Runner", "AdventOfCode2020.Runner\AdventOfCode2020.Runner.csproj", "{A6C79900-4130-4871-B504-9053B394B60A}"
EndProject
Project("{2150E333-8FDC-42A3-9474-1A3956D46DE8}") = "Solution", "Solution", "{1085D17C-F93E-45AD-BD6A-79070C6780B7}"
	ProjectSection(SolutionItems) = preProject
		readme.md = readme.md
	EndProjectSection
EndProject
Project("{FAE04EC0-301F-11D3-BF4B-00C04F79EFBC}") = "RegexTester", "RegexTester\RegexTester.csproj", "{E39E36D7-3E3C-457B-929D-60E8909D6150}"
EndProject
Global
	GlobalSection(SolutionConfigurationPlatforms) = preSolution
		Debug|Any CPU = Debug|Any CPU
		Debug|x64 = Debug|x64
		Debug|x86 = Debug|x86
		Release|Any CPU = Release|Any CPU
		Release|x64 = Release|x64
		Release|x86 = Release|x86
	EndGlobalSection
	GlobalSection(ProjectConfigurationPlatforms) = postSolution
		{A6C79900-4130-4871-B504-9053B394B60A}.Debug|Any CPU.ActiveCfg = Debug|Any CPU
		{A6C79900-4130-4871-B504-9053B394B60A}.Debug|Any CPU.Build.0 = Debug|Any CPU
		{A6C79900-4130-4871-B504-9053B394B60A}.Debug|x64.ActiveCfg = Debug|Any CPU
		{A6C79900-4130-4871-B504-9053B394B60A}.Debug|x64.Build.0 = Debug|Any CPU
		{A6C79900-4130-4871-B504-9053B394B60A}.Debug|x86.ActiveCfg = Debug|Any CPU
		{A6C79900-4130-4871-B504-9053B394B60A}.Debug|x86.Build.0 = Debug|Any CPU
		{A6C79900-4130-4871-B504-9053B394B60A}.Release|Any CPU.ActiveCfg = Release|Any CPU
		{A6C79900-4130-4871-B504-9053B394B60A}.Release|Any CPU.Build.0 = Release|Any CPU
		{A6C79900-4130-4871-B504-9053B394B60A}.Release|x64.ActiveCfg = Release|Any CPU
		{A6C79900-4130-4871-B504-9053B394B60A}.Release|x64.Build.0 = Release|Any CPU
		{A6C79900-4130-4871-B504-9053B394B60A}.Release|x86.ActiveCfg = Release|Any CPU
		{A6C79900-4130-4871-B504-9053B394B60A}.Release|x86.Build.0 = Release|Any CPU
		{E39E36D7-3E3C-457B-929D-60E8909D6150}.Debug|Any CPU.ActiveCfg = Debug|Any CPU
		{E39E36D7-3E3C-457B-929D-60E8909D6150}.Debug|Any CPU.Build.0 = Debug|Any CPU
		{E39E36D7-3E3C-457B-929D-60E8909D6150}.Debug|x64.ActiveCfg = Debug|Any CPU
		{E39E36D7-3E3C-457B-929D-60E8909D6150}.Debug|x64.Build.0 = Debug|Any CPU
		{E39E36D7-3E3C-457B-929D-60E8909D6150}.Debug|x86.ActiveCfg = Debug|Any CPU
		{E39E36D7-3E3C-457B-929D-60E8909D6150}.Debug|x86.Build.0 = Debug|Any CPU
		{E39E36D7-3E3C-457B-929D-60E8909D6150}.Release|Any CPU.ActiveCfg = Release|Any CPU
		{E39E36D7-3E3C-457B-929D-60E8909D6150}.Release|Any CPU.Build.0 = Release|Any CPU
		{E39E36D7-3E3C-457B-929D-60E8909D6150}.Release|x64.ActiveCfg = Release|Any CPU
		{E39E36D7-3E3C-457B-929D-60E8909D6150}.Release|x64.Build.0 = Release|Any CPU
		{E39E36D7-3E3C-457B-929D-60E8909D6150}.Release|x86.ActiveCfg = Release|Any CPU
		{E39E36D7-3E3C-457B-929D-60E8909D6150}.Release|x86.Build.0 = Release|Any CPU
	EndGlobalSection
	GlobalSection(SolutionProperties) = preSolution
		HideSolutionNode = FALSE
	EndGlobalSection
	GlobalSection(ExtensibilityGlobals) = postSolution
		SolutionGuid = {F495B860-62F3-4BC1-A08D-1FF752A08FDA}
	EndGlobalSection
EndGlobal
